
Microsoft Visual Studio Solution File, Format Version 12.00
# Visual Studio Version 17
VisualStudioVersion = 17.8.34004.107
MinimumVisualStudioVersion = 10.0.40219.1
Project("{FAE04EC0-301F-11D3-BF4B-00C04F79EFBC}") = "MachinTest", "MachinTest\MachinTest.csproj", "{F175959D-1976-428D-BADA-D10091ECBEBA}"
EndProject
Global
	GlobalSection(SolutionConfigurationPlatforms) = preSolution
		Debug|Any CPU = Debug|Any CPU
		Release|Any CPU = Release|Any CPU
	EndGlobalSection
	GlobalSection(ProjectConfigurationPlatforms) = postSolution
		{F175959D-1976-428D-BADA-D10091ECBEBA}.Debug|Any CPU.ActiveCfg = Debug|Any CPU
		{F175959D-1976-428D-BADA-D10091ECBEBA}.Debug|Any CPU.Build.0 = Debug|Any CPU
		{F175959D-1976-428D-BADA-D10091ECBEBA}.Release|Any CPU.ActiveCfg = Release|Any CPU
		{F175959D-1976-428D-BADA-D10091ECBEBA}.Release|Any CPU.Build.0 = Release|Any CPU
	EndGlobalSection
	GlobalSection(SolutionProperties) = preSolution
		HideSolutionNode = FALSE
	EndGlobalSection
	GlobalSection(ExtensibilityGlobals) = postSolution
		SolutionGuid = {886823F3-9E1B-4A8B-9DFE-B090F0A4430D}
	EndGlobalSection
EndGlobal
